{
  "name": "test-package",
  "version": "1.0.0",
  "lockfileVersion": 1,
  "requires": true,
  "dependencies": {
    "@comunica/core": {
      "version": "1.9.0",
      "resolved": "https://registry.npmjs.org/@comunica/core/-/core-1.9.0.tgz",
      "integrity": "sha512-O+DqbhMmCoELcFuhKVtaSYXnGAs0h37IVsR1qkQLp692MlOMnG8ZnKnwQBAynu4hDMnG99I/nrrrhMhxcrygPQ==",
      "requires": {
        "immutable": "^3.8.2",
        "lodash.assign": "^4.2.0"
      }
    },
    "immutable": {
      "version": "3.8.2",
      "resolved": "https://registry.npmjs.org/immutable/-/immutable-3.8.2.tgz",
      "integrity": "sha1-wkOZUUVbs5kT2vKBN28VMOEErfM="
    },
    "lodash.assign": {
      "version": "4.2.0",
      "resolved": "https://registry.npmjs.org/lodash.assign/-/lodash.assign-4.2.0.tgz",
      "integrity": "sha1-DZnzzNem0mHRm9rrkkUAXShYCOc="
    }
  }
}
